
Microsoft Visual Studio Solution File, Format Version 12.00
# Visual Studio Version 17
VisualStudioVersion = 17.5.002.0
MinimumVisualStudioVersion = 10.0.40219.1
Project("{9A19103F-16F7-4668-BE54-9A1E7A4F7556}") = "Chessbot", "Chessbot.csproj", "{36C28076-A4D7-4F56-B353-2F62575E1346}"
EndProject
Global
	GlobalSection(SolutionConfigurationPlatforms) = preSolution
		Debug|Any CPU = Debug|Any CPU
		Release|Any CPU = Release|Any CPU
	EndGlobalSection
	GlobalSection(ProjectConfigurationPlatforms) = postSolution
		{36C28076-A4D7-4F56-B353-2F62575E1346}.Debug|Any CPU.ActiveCfg = Debug|Any CPU
		{36C28076-A4D7-4F56-B353-2F62575E1346}.Debug|Any CPU.Build.0 = Debug|Any CPU
		{36C28076-A4D7-4F56-B353-2F62575E1346}.Release|Any CPU.ActiveCfg = Release|Any CPU
		{36C28076-A4D7-4F56-B353-2F62575E1346}.Release|Any CPU.Build.0 = Release|Any CPU
	EndGlobalSection
	GlobalSection(SolutionProperties) = preSolution
		HideSolutionNode = FALSE
	EndGlobalSection
	GlobalSection(ExtensibilityGlobals) = postSolution
		SolutionGuid = {49021ABD-BF13-4D7F-88F1-F91A4540B147}
	EndGlobalSection
EndGlobal
